// !$*UTF8*$!
{
	archiveVersion = 1;
	classes = {
	};
	objectVersion = 46;
	objects = {

/* Begin PBXBuildFile section */
		A74E497218F4257000957DDA /* DTURLProtocolResponse.m in Sources */ = {isa = PBXBuildFile; fileRef = A74E497118F4257000957DDA /* DTURLProtocolResponse.m */; };
		A74E497518F4276000957DDA /* DTURLProtocolStub.m in Sources */ = {isa = PBXBuildFile; fileRef = A74E497418F4276000957DDA /* DTURLProtocolStub.m */; };
		A74EB63018F5481100AF749E /* search_not_found.json in Resources */ = {isa = PBXBuildFile; fileRef = A74EB62F18F5481100AF749E /* search_not_found.json */; };
		A74EB63218F54B5F00AF749E /* resource_not_found.json in Resources */ = {isa = PBXBuildFile; fileRef = A74EB63118F54B5F00AF749E /* resource_not_found.json */; };
		A781012018F689AA001DDA3D /* MediaListViewController.m in Sources */ = {isa = PBXBuildFile; fileRef = A781011F18F689AA001DDA3D /* MediaListViewController.m */; };
		A781012318F68A1F001DDA3D /* DiscogsModel.xcdatamodeld in Sources */ = {isa = PBXBuildFile; fileRef = A781012118F68A1F001DDA3D /* DiscogsModel.xcdatamodeld */; };
		A781012618F68B61001DDA3D /* CoreData.framework in Frameworks */ = {isa = PBXBuildFile; fileRef = A781012518F68B61001DDA3D /* CoreData.framework */; };
		A78101BE18F6B48D001DDA3D /* DTAVFoundationFunctions.m in Sources */ = {isa = PBXBuildFile; fileRef = A78101B718F6B48D001DDA3D /* DTAVFoundationFunctions.m */; };
		A78101BF18F6B48D001DDA3D /* DTCameraPreviewController.m in Sources */ = {isa = PBXBuildFile; fileRef = A78101B918F6B48D001DDA3D /* DTCameraPreviewController.m */; };
		A78101C018F6B48D001DDA3D /* DTVideoPreviewInterestBox.m in Sources */ = {isa = PBXBuildFile; fileRef = A78101BB18F6B48D001DDA3D /* DTVideoPreviewInterestBox.m */; };
		A78101C118F6B48D001DDA3D /* DTVideoPreviewView.m in Sources */ = {isa = PBXBuildFile; fileRef = A78101BD18F6B48D001DDA3D /* DTVideoPreviewView.m */; };
		A78101C318F6B495001DDA3D /* AVFoundation.framework in Frameworks */ = {isa = PBXBuildFile; fileRef = A78101C218F6B494001DDA3D /* AVFoundation.framework */; };
		A78101C618F6C1E3001DDA3D /* Release.m in Sources */ = {isa = PBXBuildFile; fileRef = A78101C518F6C1E3001DDA3D /* Release.m */; };
		A78101C918F6E506001DDA3D /* ReleaseCell.m in Sources */ = {isa = PBXBuildFile; fileRef = A78101C818F6E506001DDA3D /* ReleaseCell.m */; };
		A7DCED3C18ED68F700A41FA9 /* Foundation.framework in Frameworks */ = {isa = PBXBuildFile; fileRef = A7DCED3B18ED68F700A41FA9 /* Foundation.framework */; };
		A7DCED3E18ED68F700A41FA9 /* CoreGraphics.framework in Frameworks */ = {isa = PBXBuildFile; fileRef = A7DCED3D18ED68F700A41FA9 /* CoreGraphics.framework */; };
		A7DCED4018ED68F700A41FA9 /* UIKit.framework in Frameworks */ = {isa = PBXBuildFile; fileRef = A7DCED3F18ED68F700A41FA9 /* UIKit.framework */; };
		A7DCED4818ED68F700A41FA9 /* main.m in Sources */ = {isa = PBXBuildFile; fileRef = A7DCED4718ED68F700A41FA9 /* main.m */; };
		A7DCED4C18ED68F700A41FA9 /* AppDelegate.m in Sources */ = {isa = PBXBuildFile; fileRef = A7DCED4B18ED68F700A41FA9 /* AppDelegate.m */; };
		A7DCED4F18ED68F700A41FA9 /* Main.storyboard in Resources */ = {isa = PBXBuildFile; fileRef = A7DCED4D18ED68F700A41FA9 /* Main.storyboard */; };
		A7DCED5418ED68F700A41FA9 /* Images.xcassets in Resources */ = {isa = PBXBuildFile; fileRef = A7DCED5318ED68F700A41FA9 /* Images.xcassets */; };
		A7DCED5B18ED68F700A41FA9 /* XCTest.framework in Frameworks */ = {isa = PBXBuildFile; fileRef = A7DCED5A18ED68F700A41FA9 /* XCTest.framework */; };
		A7DCED5C18ED68F700A41FA9 /* Foundation.framework in Frameworks */ = {isa = PBXBuildFile; fileRef = A7DCED3B18ED68F700A41FA9 /* Foundation.framework */; };
		A7DCED5D18ED68F700A41FA9 /* UIKit.framework in Frameworks */ = {isa = PBXBuildFile; fileRef = A7DCED3F18ED68F700A41FA9 /* UIKit.framework */; };
		A7DCED6718ED68F700A41FA9 /* DiscogsQueryTests.m in Sources */ = {isa = PBXBuildFile; fileRef = A7DCED6618ED68F700A41FA9 /* DiscogsQueryTests.m */; };
		A7DCED7218ED692F00A41FA9 /* DTDiscogs.m in Sources */ = {isa = PBXBuildFile; fileRef = A7DCED7118ED692F00A41FA9 /* DTDiscogs.m */; };
		A7DCED7818EDB47600A41FA9 /* search_success.json in Resources */ = {isa = PBXBuildFile; fileRef = A7DCED7718EDB47600A41FA9 /* search_success.json */; };
/* End PBXBuildFile section */

/* Begin PBXContainerItemProxy section */
		A7DCED5E18ED68F700A41FA9 /* PBXContainerItemProxy */ = {
			isa = PBXContainerItemProxy;
			containerPortal = A7DCED3018ED68F700A41FA9 /* Project object */;
			proxyType = 1;
			remoteGlobalIDString = A7DCED3718ED68F700A41FA9;
			remoteInfo = DiscogsQuery;
		};
/* End PBXContainerItemProxy section */

/* Begin PBXFileReference section */
		A74E497018F4257000957DDA /* DTURLProtocolResponse.h */ = {isa = PBXFileReference; fileEncoding = 4; lastKnownFileType = sourcecode.c.h; path = DTURLProtocolResponse.h; sourceTree = "<group>"; };
		A74E497118F4257000957DDA /* DTURLProtocolResponse.m */ = {isa = PBXFileReference; fileEncoding = 4; lastKnownFileType = sourcecode.c.objc; path = DTURLProtocolResponse.m; sourceTree = "<group>"; };
		A74E497318F4276000957DDA /* DTURLProtocolStub.h */ = {isa = PBXFileReference; fileEncoding = 4; lastKnownFileType = sourcecode.c.h; path = DTURLProtocolStub.h; sourceTree = "<group>"; };
		A74E497418F4276000957DDA /* DTURLProtocolStub.m */ = {isa = PBXFileReference; fileEncoding = 4; lastKnownFileType = sourcecode.c.objc; path = DTURLProtocolStub.m; sourceTree = "<group>"; };
		A74EB62F18F5481100AF749E /* search_not_found.json */ = {isa = PBXFileReference; fileEncoding = 4; lastKnownFileType = text.json; path = search_not_found.json; sourceTree = "<group>"; };
		A74EB63118F54B5F00AF749E /* resource_not_found.json */ = {isa = PBXFileReference; fileEncoding = 4; lastKnownFileType = text.json; path = resource_not_found.json; sourceTree = "<group>"; };
		A781011E18F689AA001DDA3D /* MediaListViewController.h */ = {isa = PBXFileReference; fileEncoding = 4; lastKnownFileType = sourcecode.c.h; path = MediaListViewController.h; sourceTree = "<group>"; };
		A781011F18F689AA001DDA3D /* MediaListViewController.m */ = {isa = PBXFileReference; fileEncoding = 4; lastKnownFileType = sourcecode.c.objc; path = MediaListViewController.m; sourceTree = "<group>"; };
		A781012218F68A1F001DDA3D /* DiscogsModel.xcdatamodel */ = {isa = PBXFileReference; lastKnownFileType = wrapper.xcdatamodel; path = DiscogsModel.xcdatamodel; sourceTree = "<group>"; };
		A781012518F68B61001DDA3D /* CoreData.framework */ = {isa = PBXFileReference; lastKnownFileType = wrapper.framework; name = CoreData.framework; path = System/Library/Frameworks/CoreData.framework; sourceTree = SDKROOT; };
		A78101B618F6B48D001DDA3D /* DTAVFoundationFunctions.h */ = {isa = PBXFileReference; fileEncoding = 4; lastKnownFileType = sourcecode.c.h; path = DTAVFoundationFunctions.h; sourceTree = "<group>"; };
		A78101B718F6B48D001DDA3D /* DTAVFoundationFunctions.m */ = {isa = PBXFileReference; fileEncoding = 4; lastKnownFileType = sourcecode.c.objc; path = DTAVFoundationFunctions.m; sourceTree = "<group>"; };
		A78101B818F6B48D001DDA3D /* DTCameraPreviewController.h */ = {isa = PBXFileReference; fileEncoding = 4; lastKnownFileType = sourcecode.c.h; path = DTCameraPreviewController.h; sourceTree = "<group>"; };
		A78101B918F6B48D001DDA3D /* DTCameraPreviewController.m */ = {isa = PBXFileReference; fileEncoding = 4; lastKnownFileType = sourcecode.c.objc; path = DTCameraPreviewController.m; sourceTree = "<group>"; };
		A78101BA18F6B48D001DDA3D /* DTVideoPreviewInterestBox.h */ = {isa = PBXFileReference; fileEncoding = 4; lastKnownFileType = sourcecode.c.h; path = DTVideoPreviewInterestBox.h; sourceTree = "<group>"; };
		A78101BB18F6B48D001DDA3D /* DTVideoPreviewInterestBox.m */ = {isa = PBXFileReference; fileEncoding = 4; lastKnownFileType = sourcecode.c.objc; path = DTVideoPreviewInterestBox.m; sourceTree = "<group>"; };
		A78101BC18F6B48D001DDA3D /* DTVideoPreviewView.h */ = {isa = PBXFileReference; fileEncoding = 4; lastKnownFileType = sourcecode.c.h; path = DTVideoPreviewView.h; sourceTree = "<group>"; };
		A78101BD18F6B48D001DDA3D /* DTVideoPreviewView.m */ = {isa = PBXFileReference; fileEncoding = 4; lastKnownFileType = sourcecode.c.objc; path = DTVideoPreviewView.m; sourceTree = "<group>"; };
		A78101C218F6B494001DDA3D /* AVFoundation.framework */ = {isa = PBXFileReference; lastKnownFileType = wrapper.framework; name = AVFoundation.framework; path = System/Library/Frameworks/AVFoundation.framework; sourceTree = SDKROOT; };
		A78101C418F6C1E3001DDA3D /* Release.h */ = {isa = PBXFileReference; fileEncoding = 4; lastKnownFileType = sourcecode.c.h; path = Release.h; sourceTree = "<group>"; };
		A78101C518F6C1E3001DDA3D /* Release.m */ = {isa = PBXFileReference; fileEncoding = 4; lastKnownFileType = sourcecode.c.objc; path = Release.m; sourceTree = "<group>"; };
		A78101C718F6E506001DDA3D /* ReleaseCell.h */ = {isa = PBXFileReference; fileEncoding = 4; lastKnownFileType = sourcecode.c.h; path = ReleaseCell.h; sourceTree = "<group>"; };
		A78101C818F6E506001DDA3D /* ReleaseCell.m */ = {isa = PBXFileReference; fileEncoding = 4; lastKnownFileType = sourcecode.c.objc; path = ReleaseCell.m; sourceTree = "<group>"; };
		A7DCED3818ED68F700A41FA9 /* MusicCollection.app */ = {isa = PBXFileReference; explicitFileType = wrapper.application; includeInIndex = 0; path = MusicCollection.app; sourceTree = BUILT_PRODUCTS_DIR; };
		A7DCED3B18ED68F700A41FA9 /* Foundation.framework */ = {isa = PBXFileReference; lastKnownFileType = wrapper.framework; name = Foundation.framework; path = System/Library/Frameworks/Foundation.framework; sourceTree = SDKROOT; };
		A7DCED3D18ED68F700A41FA9 /* CoreGraphics.framework */ = {isa = PBXFileReference; lastKnownFileType = wrapper.framework; name = CoreGraphics.framework; path = System/Library/Frameworks/CoreGraphics.framework; sourceTree = SDKROOT; };
		A7DCED3F18ED68F700A41FA9 /* UIKit.framework */ = {isa = PBXFileReference; lastKnownFileType = wrapper.framework; name = UIKit.framework; path = System/Library/Frameworks/UIKit.framework; sourceTree = SDKROOT; };
		A7DCED4318ED68F700A41FA9 /* MusicCollection-Info.plist */ = {isa = PBXFileReference; lastKnownFileType = text.plist.xml; path = "MusicCollection-Info.plist"; sourceTree = "<group>"; };
		A7DCED4718ED68F700A41FA9 /* main.m */ = {isa = PBXFileReference; lastKnownFileType = sourcecode.c.objc; path = main.m; sourceTree = "<group>"; };
		A7DCED4918ED68F700A41FA9 /* MusicCollection-Prefix.pch */ = {isa = PBXFileReference; lastKnownFileType = sourcecode.c.h; path = "MusicCollection-Prefix.pch"; sourceTree = "<group>"; };
		A7DCED4A18ED68F700A41FA9 /* AppDelegate.h */ = {isa = PBXFileReference; lastKnownFileType = sourcecode.c.h; path = AppDelegate.h; sourceTree = "<group>"; };
		A7DCED4B18ED68F700A41FA9 /* AppDelegate.m */ = {isa = PBXFileReference; lastKnownFileType = sourcecode.c.objc; path = AppDelegate.m; sourceTree = "<group>"; };
		A7DCED4E18ED68F700A41FA9 /* Base */ = {isa = PBXFileReference; lastKnownFileType = file.storyboard; name = Base; path = Base.lproj/Main.storyboard; sourceTree = "<group>"; };
		A7DCED5318ED68F700A41FA9 /* Images.xcassets */ = {isa = PBXFileReference; lastKnownFileType = folder.assetcatalog; path = Images.xcassets; sourceTree = "<group>"; };
		A7DCED5918ED68F700A41FA9 /* UnitTests.xctest */ = {isa = PBXFileReference; explicitFileType = wrapper.cfbundle; includeInIndex = 0; path = UnitTests.xctest; sourceTree = BUILT_PRODUCTS_DIR; };
		A7DCED5A18ED68F700A41FA9 /* XCTest.framework */ = {isa = PBXFileReference; lastKnownFileType = wrapper.framework; name = XCTest.framework; path = Library/Frameworks/XCTest.framework; sourceTree = DEVELOPER_DIR; };
		A7DCED6218ED68F700A41FA9 /* DiscogsQueryTests-Info.plist */ = {isa = PBXFileReference; lastKnownFileType = text.plist.xml; path = "DiscogsQueryTests-Info.plist"; sourceTree = "<group>"; };
		A7DCED6618ED68F700A41FA9 /* DiscogsQueryTests.m */ = {isa = PBXFileReference; lastKnownFileType = sourcecode.c.objc; path = DiscogsQueryTests.m; sourceTree = "<group>"; };
		A7DCED7018ED692F00A41FA9 /* DTDiscogs.h */ = {isa = PBXFileReference; fileEncoding = 4; lastKnownFileType = sourcecode.c.h; path = DTDiscogs.h; sourceTree = "<group>"; };
		A7DCED7118ED692F00A41FA9 /* DTDiscogs.m */ = {isa = PBXFileReference; fileEncoding = 4; lastKnownFileType = sourcecode.c.objc; path = DTDiscogs.m; sourceTree = "<group>"; };
		A7DCED7718EDB47600A41FA9 /* search_success.json */ = {isa = PBXFileReference; fileEncoding = 4; lastKnownFileType = text.json; path = search_success.json; sourceTree = "<group>"; };
/* End PBXFileReference section */

/* Begin PBXFrameworksBuildPhase section */
		A7DCED3518ED68F700A41FA9 /* Frameworks */ = {
			isa = PBXFrameworksBuildPhase;
			buildActionMask = 2147483647;
			files = (
				A78101C318F6B495001DDA3D /* AVFoundation.framework in Frameworks */,
				A781012618F68B61001DDA3D /* CoreData.framework in Frameworks */,
				A7DCED3E18ED68F700A41FA9 /* CoreGraphics.framework in Frameworks */,
				A7DCED4018ED68F700A41FA9 /* UIKit.framework in Frameworks */,
				A7DCED3C18ED68F700A41FA9 /* Foundation.framework in Frameworks */,
			);
			runOnlyForDeploymentPostprocessing = 0;
		};
		A7DCED5618ED68F700A41FA9 /* Frameworks */ = {
			isa = PBXFrameworksBuildPhase;
			buildActionMask = 2147483647;
			files = (
				A7DCED5B18ED68F700A41FA9 /* XCTest.framework in Frameworks */,
				A7DCED5D18ED68F700A41FA9 /* UIKit.framework in Frameworks */,
				A7DCED5C18ED68F700A41FA9 /* Foundation.framework in Frameworks */,
			);
			runOnlyForDeploymentPostprocessing = 0;
		};
/* End PBXFrameworksBuildPhase section */

/* Begin PBXGroup section */
		A74E497618F4599300957DDA /* DTURLProtocolStub */ = {
			isa = PBXGroup;
			children = (
				A74E497318F4276000957DDA /* DTURLProtocolStub.h */,
				A74E497418F4276000957DDA /* DTURLProtocolStub.m */,
				A74E497018F4257000957DDA /* DTURLProtocolResponse.h */,
				A74E497118F4257000957DDA /* DTURLProtocolResponse.m */,
			);
			name = DTURLProtocolStub;
			sourceTree = "<group>";
		};
		A78101B518F6B47E001DDA3D /* Copied Code */ = {
			isa = PBXGroup;
			children = (
				A78101B618F6B48D001DDA3D /* DTAVFoundationFunctions.h */,
				A78101B718F6B48D001DDA3D /* DTAVFoundationFunctions.m */,
				A78101B818F6B48D001DDA3D /* DTCameraPreviewController.h */,
				A78101B918F6B48D001DDA3D /* DTCameraPreviewController.m */,
				A78101BA18F6B48D001DDA3D /* DTVideoPreviewInterestBox.h */,
				A78101BB18F6B48D001DDA3D /* DTVideoPreviewInterestBox.m */,
				A78101BC18F6B48D001DDA3D /* DTVideoPreviewView.h */,
				A78101BD18F6B48D001DDA3D /* DTVideoPreviewView.m */,
			);
			name = "Copied Code";
			sourceTree = "<group>";
		};
		A781020B18F6F459001DDA3D /* Database */ = {
			isa = PBXGroup;
			children = (
				A78101C418F6C1E3001DDA3D /* Release.h */,
				A78101C518F6C1E3001DDA3D /* Release.m */,
				A781012118F68A1F001DDA3D /* DiscogsModel.xcdatamodeld */,
			);
			name = Database;
			sourceTree = "<group>";
		};
		A781020C18F6F476001DDA3D /* Discogs Wrapper */ = {
			isa = PBXGroup;
			children = (
				A7DCED7018ED692F00A41FA9 /* DTDiscogs.h */,
				A7DCED7118ED692F00A41FA9 /* DTDiscogs.m */,
			);
			name = "Discogs Wrapper";
			sourceTree = "<group>";
		};
		A781020D18F6F48D001DDA3D /* Resources */ = {
			isa = PBXGroup;
			children = (
				A7DCED4D18ED68F700A41FA9 /* Main.storyboard */,
				A7DCED5318ED68F700A41FA9 /* Images.xcassets */,
			);
			name = Resources;
			sourceTree = "<group>";
		};
		A781020E18F6F4BC001DDA3D /* Resources */ = {
			isa = PBXGroup;
			children = (
				A74EB63118F54B5F00AF749E /* resource_not_found.json */,
				A74EB62F18F5481100AF749E /* search_not_found.json */,
				A7DCED7718EDB47600A41FA9 /* search_success.json */,
			);
			name = Resources;
			sourceTree = "<group>";
		};
		A7DCED2F18ED68F700A41FA9 = {
			isa = PBXGroup;
			children = (
				A7DCED4118ED68F700A41FA9 /* MusicCollection */,
				A7DCED6018ED68F700A41FA9 /* Unit Tests */,
				A7DCED3A18ED68F700A41FA9 /* Frameworks */,
				A7DCED3918ED68F700A41FA9 /* Products */,
			);
			sourceTree = "<group>";
		};
		A7DCED3918ED68F700A41FA9 /* Products */ = {
			isa = PBXGroup;
			children = (
				A7DCED3818ED68F700A41FA9 /* MusicCollection.app */,
				A7DCED5918ED68F700A41FA9 /* UnitTests.xctest */,
			);
			name = Products;
			sourceTree = "<group>";
		};
		A7DCED3A18ED68F700A41FA9 /* Frameworks */ = {
			isa = PBXGroup;
			children = (
				A78101C218F6B494001DDA3D /* AVFoundation.framework */,
				A781012518F68B61001DDA3D /* CoreData.framework */,
				A7DCED3B18ED68F700A41FA9 /* Foundation.framework */,
				A7DCED3D18ED68F700A41FA9 /* CoreGraphics.framework */,
				A7DCED3F18ED68F700A41FA9 /* UIKit.framework */,
				A7DCED5A18ED68F700A41FA9 /* XCTest.framework */,
			);
			name = Frameworks;
			sourceTree = "<group>";
		};
		A7DCED4118ED68F700A41FA9 /* MusicCollection */ = {
			isa = PBXGroup;
			children = (
				A781020C18F6F476001DDA3D /* Discogs Wrapper */,
				A781020B18F6F459001DDA3D /* Database */,
				A78101B518F6B47E001DDA3D /* Copied Code */,
				A7DCED4218ED68F700A41FA9 /* Supporting Files */,
				A781020D18F6F48D001DDA3D /* Resources */,
				A7DCED4A18ED68F700A41FA9 /* AppDelegate.h */,
				A7DCED4B18ED68F700A41FA9 /* AppDelegate.m */,
				A781011E18F689AA001DDA3D /* MediaListViewController.h */,
				A781011F18F689AA001DDA3D /* MediaListViewController.m */,
				A78101C718F6E506001DDA3D /* ReleaseCell.h */,
				A78101C818F6E506001DDA3D /* ReleaseCell.m */,
			);
			path = MusicCollection;
			sourceTree = "<group>";
		};
		A7DCED4218ED68F700A41FA9 /* Supporting Files */ = {
			isa = PBXGroup;
			children = (
				A7DCED4318ED68F700A41FA9 /* MusicCollection-Info.plist */,
				A7DCED4718ED68F700A41FA9 /* main.m */,
				A7DCED4918ED68F700A41FA9 /* MusicCollection-Prefix.pch */,
			);
			name = "Supporting Files";
			sourceTree = "<group>";
		};
		A7DCED6018ED68F700A41FA9 /* Unit Tests */ = {
			isa = PBXGroup;
			children = (
				A74E497618F4599300957DDA /* DTURLProtocolStub */,
				A781020E18F6F4BC001DDA3D /* Resources */,
				A7DCED6618ED68F700A41FA9 /* DiscogsQueryTests.m */,
				A7DCED6118ED68F700A41FA9 /* Supporting Files */,
			);
			name = "Unit Tests";
			path = DiscogsQueryTests;
			sourceTree = "<group>";
		};
		A7DCED6118ED68F700A41FA9 /* Supporting Files */ = {
			isa = PBXGroup;
			children = (
				A7DCED6218ED68F700A41FA9 /* DiscogsQueryTests-Info.plist */,
			);
			name = "Supporting Files";
			sourceTree = "<group>";
		};
/* End PBXGroup section */

/* Begin PBXNativeTarget section */
		A7DCED3718ED68F700A41FA9 /* MusicCollection */ = {
			isa = PBXNativeTarget;
			buildConfigurationList = A7DCED6A18ED68F700A41FA9 /* Build configuration list for PBXNativeTarget "MusicCollection" */;
			buildPhases = (
				A7DCED3418ED68F700A41FA9 /* Sources */,
				A7DCED3518ED68F700A41FA9 /* Frameworks */,
				A7DCED3618ED68F700A41FA9 /* Resources */,
			);
			buildRules = (
			);
			dependencies = (
			);
			name = MusicCollection;
			productName = DiscogsQuery;
			productReference = A7DCED3818ED68F700A41FA9 /* MusicCollection.app */;
			productType = "com.apple.product-type.application";
		};
		A7DCED5818ED68F700A41FA9 /* Unit Tests */ = {
			isa = PBXNativeTarget;
			buildConfigurationList = A7DCED6D18ED68F700A41FA9 /* Build configuration list for PBXNativeTarget "Unit Tests" */;
			buildPhases = (
				A7DCED5518ED68F700A41FA9 /* Sources */,
				A7DCED5618ED68F700A41FA9 /* Frameworks */,
				A7DCED5718ED68F700A41FA9 /* Resources */,
			);
			buildRules = (
			);
			dependencies = (
				A7DCED5F18ED68F700A41FA9 /* PBXTargetDependency */,
			);
			name = "Unit Tests";
			productName = DiscogsQueryTests;
			productReference = A7DCED5918ED68F700A41FA9 /* UnitTests.xctest */;
			productType = "com.apple.product-type.bundle.unit-test";
		};
/* End PBXNativeTarget section */

/* Begin PBXProject section */
		A7DCED3018ED68F700A41FA9 /* Project object */ = {
			isa = PBXProject;
			attributes = {
				LastUpgradeCheck = 0510;
				ORGANIZATIONNAME = Cocoanetics;
				TargetAttributes = {
					A7DCED5818ED68F700A41FA9 = {
						TestTargetID = A7DCED3718ED68F700A41FA9;
					};
				};
			};
			buildConfigurationList = A7DCED3318ED68F700A41FA9 /* Build configuration list for PBXProject "MusicCollection" */;
			compatibilityVersion = "Xcode 3.2";
			developmentRegion = English;
			hasScannedForEncodings = 0;
			knownRegions = (
				en,
				Base,
			);
			mainGroup = A7DCED2F18ED68F700A41FA9;
			productRefGroup = A7DCED3918ED68F700A41FA9 /* Products */;
			projectDirPath = "";
			projectRoot = "";
			targets = (
				A7DCED3718ED68F700A41FA9 /* MusicCollection */,
				A7DCED5818ED68F700A41FA9 /* Unit Tests */,
			);
		};
/* End PBXProject section */

/* Begin PBXResourcesBuildPhase section */
		A7DCED3618ED68F700A41FA9 /* Resources */ = {
			isa = PBXResourcesBuildPhase;
			buildActionMask = 2147483647;
			files = (
				A7DCED5418ED68F700A41FA9 /* Images.xcassets in Resources */,
				A7DCED4F18ED68F700A41FA9 /* Main.storyboard in Resources */,
			);
			runOnlyForDeploymentPostprocessing = 0;
		};
		A7DCED5718ED68F700A41FA9 /* Resources */ = {
			isa = PBXResourcesBuildPhase;
			buildActionMask = 2147483647;
			files = (
				A74EB63218F54B5F00AF749E /* resource_not_found.json in Resources */,
				A74EB63018F5481100AF749E /* search_not_found.json in Resources */,
				A7DCED7818EDB47600A41FA9 /* search_success.json in Resources */,
			);
			runOnlyForDeploymentPostprocessing = 0;
		};
/* End PBXResourcesBuildPhase section */

/* Begin PBXSourcesBuildPhase section */
		A7DCED3418ED68F700A41FA9 /* Sources */ = {
			isa = PBXSourcesBuildPhase;
			buildActionMask = 2147483647;
			files = (
				A78101C118F6B48D001DDA3D /* DTVideoPreviewView.m in Sources */,
				A7DCED4C18ED68F700A41FA9 /* AppDelegate.m in Sources */,
				A7DCED7218ED692F00A41FA9 /* DTDiscogs.m in Sources */,
				A781012018F689AA001DDA3D /* MediaListViewController.m in Sources */,
				A781012318F68A1F001DDA3D /* DiscogsModel.xcdatamodeld in Sources */,
				A78101BF18F6B48D001DDA3D /* DTCameraPreviewController.m in Sources */,
				A7DCED4818ED68F700A41FA9 /* main.m in Sources */,
				A78101C918F6E506001DDA3D /* ReleaseCell.m in Sources */,
				A78101C018F6B48D001DDA3D /* DTVideoPreviewInterestBox.m in Sources */,
				A78101BE18F6B48D001DDA3D /* DTAVFoundationFunctions.m in Sources */,
				A78101C618F6C1E3001DDA3D /* Release.m in Sources */,
			);
			runOnlyForDeploymentPostprocessing = 0;
		};
		A7DCED5518ED68F700A41FA9 /* Sources */ = {
			isa = PBXSourcesBuildPhase;
			buildActionMask = 2147483647;
			files = (
				A74E497218F4257000957DDA /* DTURLProtocolResponse.m in Sources */,
				A7DCED6718ED68F700A41FA9 /* DiscogsQueryTests.m in Sources */,
				A74E497518F4276000957DDA /* DTURLProtocolStub.m in Sources */,
			);
			runOnlyForDeploymentPostprocessing = 0;
		};
/* End PBXSourcesBuildPhase section */

/* Begin PBXTargetDependency section */
		A7DCED5F18ED68F700A41FA9 /* PBXTargetDependency */ = {
			isa = PBXTargetDependency;
			target = A7DCED3718ED68F700A41FA9 /* MusicCollection */;
			targetProxy = A7DCED5E18ED68F700A41FA9 /* PBXContainerItemProxy */;
		};
/* End PBXTargetDependency section */

/* Begin PBXVariantGroup section */
		A7DCED4D18ED68F700A41FA9 /* Main.storyboard */ = {
			isa = PBXVariantGroup;
			children = (
				A7DCED4E18ED68F700A41FA9 /* Base */,
			);
			name = Main.storyboard;
			sourceTree = "<group>";
		};
/* End PBXVariantGroup section */

/* Begin XCBuildConfiguration section */
		A7DCED6818ED68F700A41FA9 /* Debug */ = {
			isa = XCBuildConfiguration;
			buildSettings = {
				ALWAYS_SEARCH_USER_PATHS = NO;
				CLANG_CXX_LANGUAGE_STANDARD = "gnu++0x";
				CLANG_CXX_LIBRARY = "libc++";
				CLANG_ENABLE_MODULES = YES;
				CLANG_ENABLE_OBJC_ARC = YES;
				CLANG_WARN_BOOL_CONVERSION = YES;
				CLANG_WARN_CONSTANT_CONVERSION = YES;
				CLANG_WARN_DIRECT_OBJC_ISA_USAGE = YES_ERROR;
				CLANG_WARN_EMPTY_BODY = YES;
				CLANG_WARN_ENUM_CONVERSION = YES;
				CLANG_WARN_INT_CONVERSION = YES;
				CLANG_WARN_OBJC_ROOT_CLASS = YES_ERROR;
				CLANG_WARN__DUPLICATE_METHOD_MATCH = YES;
				"CODE_SIGN_IDENTITY[sdk=iphoneos*]" = "iPhone Developer";
				COPY_PHASE_STRIP = NO;
				GCC_C_LANGUAGE_STANDARD = gnu99;
				GCC_DYNAMIC_NO_PIC = NO;
				GCC_OPTIMIZATION_LEVEL = 0;
				GCC_PREPROCESSOR_DEFINITIONS = (
					"DEBUG=1",
					"$(inherited)",
				);
				GCC_SYMBOLS_PRIVATE_EXTERN = NO;
				GCC_WARN_64_TO_32_BIT_CONVERSION = YES;
				GCC_WARN_ABOUT_RETURN_TYPE = YES_ERROR;
				GCC_WARN_UNDECLARED_SELECTOR = YES;
				GCC_WARN_UNINITIALIZED_AUTOS = YES_AGGRESSIVE;
				GCC_WARN_UNUSED_FUNCTION = YES;
				GCC_WARN_UNUSED_VARIABLE = YES;
				IPHONEOS_DEPLOYMENT_TARGET = 7.1;
				ONLY_ACTIVE_ARCH = YES;
				SDKROOT = iphoneos;
			};
			name = Debug;
		};
		A7DCED6918ED68F700A41FA9 /* Release */ = {
			isa = XCBuildConfiguration;
			buildSettings = {
				ALWAYS_SEARCH_USER_PATHS = NO;
				CLANG_CXX_LANGUAGE_STANDARD = "gnu++0x";
				CLANG_CXX_LIBRARY = "libc++";
				CLANG_ENABLE_MODULES = YES;
				CLANG_ENABLE_OBJC_ARC = YES;
				CLANG_WARN_BOOL_CONVERSION = YES;
				CLANG_WARN_CONSTANT_CONVERSION = YES;
				CLANG_WARN_DIRECT_OBJC_ISA_USAGE = YES_ERROR;
				CLANG_WARN_EMPTY_BODY = YES;
				CLANG_WARN_ENUM_CONVERSION = YES;
				CLANG_WARN_INT_CONVERSION = YES;
				CLANG_WARN_OBJC_ROOT_CLASS = YES_ERROR;
				CLANG_WARN__DUPLICATE_METHOD_MATCH = YES;
				"CODE_SIGN_IDENTITY[sdk=iphoneos*]" = "iPhone Developer";
				COPY_PHASE_STRIP = YES;
				ENABLE_NS_ASSERTIONS = NO;
				GCC_C_LANGUAGE_STANDARD = gnu99;
				GCC_WARN_64_TO_32_BIT_CONVERSION = YES;
				GCC_WARN_ABOUT_RETURN_TYPE = YES_ERROR;
				GCC_WARN_UNDECLARED_SELECTOR = YES;
				GCC_WARN_UNINITIALIZED_AUTOS = YES_AGGRESSIVE;
				GCC_WARN_UNUSED_FUNCTION = YES;
				GCC_WARN_UNUSED_VARIABLE = YES;
				IPHONEOS_DEPLOYMENT_TARGET = 7.1;
				SDKROOT = iphoneos;
				VALIDATE_PRODUCT = YES;
			};
			name = Release;
		};
		A7DCED6B18ED68F700A41FA9 /* Debug */ = {
			isa = XCBuildConfiguration;
			buildSettings = {
				ASSETCATALOG_COMPILER_APPICON_NAME = AppIcon;
				ASSETCATALOG_COMPILER_LAUNCHIMAGE_NAME = LaunchImage;
				GCC_PRECOMPILE_PREFIX_HEADER = YES;
				GCC_PREFIX_HEADER = "MusicCollection/MusicCollection-Prefix.pch";
				INFOPLIST_FILE = "MusicCollection/MusicCollection-Info.plist";
				PRODUCT_NAME = "$(TARGET_NAME)";
				WRAPPER_EXTENSION = app;
			};
			name = Debug;
		};
		A7DCED6C18ED68F700A41FA9 /* Release */ = {
			isa = XCBuildConfiguration;
			buildSettings = {
				ASSETCATALOG_COMPILER_APPICON_NAME = AppIcon;
				ASSETCATALOG_COMPILER_LAUNCHIMAGE_NAME = LaunchImage;
				GCC_PRECOMPILE_PREFIX_HEADER = YES;
				GCC_PREFIX_HEADER = "MusicCollection/MusicCollection-Prefix.pch";
				INFOPLIST_FILE = "MusicCollection/MusicCollection-Info.plist";
				PRODUCT_NAME = "$(TARGET_NAME)";
				WRAPPER_EXTENSION = app;
			};
			name = Release;
		};
		A7DCED6E18ED68F700A41FA9 /* Debug */ = {
			isa = XCBuildConfiguration;
			buildSettings = {
				BUNDLE_LOADER = "$(BUILT_PRODUCTS_DIR)/MusicCollection.app/MusicCollection";
				FRAMEWORK_SEARCH_PATHS = (
					"$(SDKROOT)/Developer/Library/Frameworks",
					"$(inherited)",
					"$(DEVELOPER_FRAMEWORKS_DIR)",
				);
				GCC_PRECOMPILE_PREFIX_HEADER = YES;
				GCC_PREFIX_HEADER = "MusicCollection/MusicCollection-Prefix.pch";
				GCC_PREPROCESSOR_DEFINITIONS = (
					"DEBUG=1",
					"$(inherited)",
				);
				INFOPLIST_FILE = "DiscogsQueryTests/DiscogsQueryTests-Info.plist";
				PRODUCT_NAME = UnitTests;
				TEST_HOST = "$(BUNDLE_LOADER)";
				WRAPPER_EXTENSION = xctest;
			};
			name = Debug;
		};
		A7DCED6F18ED68F700A41FA9 /* Release */ = {
			isa = XCBuildConfiguration;
			buildSettings = {
				BUNDLE_LOADER = "$(BUILT_PRODUCTS_DIR)/MusicCollection.app/MusicCollection";
				FRAMEWORK_SEARCH_PATHS = (
					"$(SDKROOT)/Developer/Library/Frameworks",
					"$(inherited)",
					"$(DEVELOPER_FRAMEWORKS_DIR)",
				);
				GCC_PRECOMPILE_PREFIX_HEADER = YES;
				GCC_PREFIX_HEADER = "MusicCollection/MusicCollection-Prefix.pch";
				INFOPLIST_FILE = "DiscogsQueryTests/DiscogsQueryTests-Info.plist";
				PRODUCT_NAME = UnitTests;
				TEST_HOST = "$(BUNDLE_LOADER)";
				WRAPPER_EXTENSION = xctest;
			};
			name = Release;
		};
/* End XCBuildConfiguration section */

/* Begin XCConfigurationList section */
		A7DCED3318ED68F700A41FA9 /* Build configuration list for PBXProject "MusicCollection" */ = {
			isa = XCConfigurationList;
			buildConfigurations = (
				A7DCED6818ED68F700A41FA9 /* Debug */,
				A7DCED6918ED68F700A41FA9 /* Release */,
			);
			defaultConfigurationIsVisible = 0;
			defaultConfigurationName = Release;
		};
		A7DCED6A18ED68F700A41FA9 /* Build configuration list for PBXNativeTarget "MusicCollection" */ = {
			isa = XCConfigurationList;
			buildConfigurations = (
				A7DCED6B18ED68F700A41FA9 /* Debug */,
				A7DCED6C18ED68F700A41FA9 /* Release */,
			);
			defaultConfigurationIsVisible = 0;
			defaultConfigurationName = Release;
		};
		A7DCED6D18ED68F700A41FA9 /* Build configuration list for PBXNativeTarget "Unit Tests" */ = {
			isa = XCConfigurationList;
			buildConfigurations = (
				A7DCED6E18ED68F700A41FA9 /* Debug */,
				A7DCED6F18ED68F700A41FA9 /* Release */,
			);
			defaultConfigurationIsVisible = 0;
			defaultConfigurationName = Release;
		};
/* End XCConfigurationList section */

/* Begin XCVersionGroup section */
		A781012118F68A1F001DDA3D /* DiscogsModel.xcdatamodeld */ = {
			isa = XCVersionGroup;
			children = (
				A781012218F68A1F001DDA3D /* DiscogsModel.xcdatamodel */,
			);
			currentVersion = A781012218F68A1F001DDA3D /* DiscogsModel.xcdatamodel */;
			path = DiscogsModel.xcdatamodeld;
			sourceTree = "<group>";
			versionGroupType = wrapper.xcdatamodel;
		};
/* End XCVersionGroup section */
	};
	rootObject = A7DCED3018ED68F700A41FA9 /* Project object */;
}
